PODS:
  - Flutter (1.0.0)
  - flutter_file_view (2.2.1):
    - Flutter

DEPENDENCIES:
  - Flutter (from `Flutter`)
  - flutter_file_view (from `.symlinks/plugins/flutter_file_view/ios`)

EXTERNAL SOURCES:
  Flutter:
    :path: Flutter
  flutter_file_view:
    :path: ".symlinks/plugins/flutter_file_view/ios"

SPEC CHECKSUMS:
  Flutter: e0871f40cf51350855a761d2e70bf5af5b9b5de7
  flutter_file_view: 6a1244fa2f8ea22268218dae4f92f91b61155185

PODFILE CHECKSUM: c4c93c5f6502fe2754f48404d3594bf779584011

COCOAPODS: 1.15.2
